
Microsoft Visual Studio Solution File, Format Version 12.00
# Visual Studio Version 16
VisualStudioVersion = 16.0.31025.194
MinimumVisualStudioVersion = 10.0.40219.1
Project("{FAE04EC0-301F-11D3-BF4B-00C04F79EFBC}") = "UniqueDrinks", "UniqueDrinks\UniqueDrinks.csproj", "{90E24088-0DBA-4465-A92C-2BFC8AA83941}"
EndProject
Global
	GlobalSection(SolutionConfigurationPlatforms) = preSolution
		Debug|Any CPU = Debug|Any CPU
		Release|Any CPU = Release|Any CPU
	EndGlobalSection
	GlobalSection(ProjectConfigurationPlatforms) = postSolution
		{90E24088-0DBA-4465-A92C-2BFC8AA83941}.Debug|Any CPU.ActiveCfg = Debug|Any CPU
		{90E24088-0DBA-4465-A92C-2BFC8AA83941}.Debug|Any CPU.Build.0 = Debug|Any CPU
		{90E24088-0DBA-4465-A92C-2BFC8AA83941}.Release|Any CPU.ActiveCfg = Release|Any CPU
		{90E24088-0DBA-4465-A92C-2BFC8AA83941}.Release|Any CPU.Build.0 = Release|Any CPU
	EndGlobalSection
	GlobalSection(SolutionProperties) = preSolution
		HideSolutionNode = FALSE
	EndGlobalSection
	GlobalSection(ExtensibilityGlobals) = postSolution
		SolutionGuid = {963D8132-D043-4874-B40D-0766852E694F}
	EndGlobalSection
EndGlobal
